
Microsoft Visual Studio Solution File, Format Version 12.00
# Visual Studio Version 17
VisualStudioVersion = 17.1.32414.318
MinimumVisualStudioVersion = 10.0.40219.1
Project("{FAE04EC0-301F-11D3-BF4B-00C04F79EFBC}") = "CSharp", "CSharp.csproj", "{AA6FF973-C156-4118-B34F-1A8115E0CA3F}"
EndProject
Global
	GlobalSection(SolutionConfigurationPlatforms) = preSolution
		Debug|Any CPU = Debug|Any CPU
		Release|Any CPU = Release|Any CPU
	EndGlobalSection
	GlobalSection(ProjectConfigurationPlatforms) = postSolution
		{AA6FF973-C156-4118-B34F-1A8115E0CA3F}.Debug|Any CPU.ActiveCfg = Debug|Any CPU
		{AA6FF973-C156-4118-B34F-1A8115E0CA3F}.Debug|Any CPU.Build.0 = Debug|Any CPU
		{AA6FF973-C156-4118-B34F-1A8115E0CA3F}.Release|Any CPU.ActiveCfg = Release|Any CPU
		{AA6FF973-C156-4118-B34F-1A8115E0CA3F}.Release|Any CPU.Build.0 = Release|Any CPU
	EndGlobalSection
	GlobalSection(SolutionProperties) = preSolution
		HideSolutionNode = FALSE
	EndGlobalSection
	GlobalSection(ExtensibilityGlobals) = postSolution
		SolutionGuid = {02943A2E-1A36-4AEA-A0AA-9462936F0EB6}
	EndGlobalSection
EndGlobal
